
Microsoft Visual Studio Solution File, Format Version 12.00
# Visual Studio Version 17
VisualStudioVersion = 17.7.34024.191
MinimumVisualStudioVersion = 10.0.40219.1
Project("{9A19103F-16F7-4668-BE54-9A1E7A4F7556}") = "OnlineShop", "OnlineShop\OnlineShop.csproj", "{5F4D93ED-9449-480C-944B-317B470F699A}"
EndProject
Project("{FAE04EC0-301F-11D3-BF4B-00C04F79EFBC}") = "OnlineShop.Core", "OnlineShop.Core\OnlineShop.Core.csproj", "{CB63AE3A-8B36-4276-95CF-6773E5CC654E}"
EndProject
Global
	GlobalSection(SolutionConfigurationPlatforms) = preSolution
		Debug|Any CPU = Debug|Any CPU
		Release|Any CPU = Release|Any CPU
	EndGlobalSection
	GlobalSection(ProjectConfigurationPlatforms) = postSolution
		{5F4D93ED-9449-480C-944B-317B470F699A}.Debug|Any CPU.ActiveCfg = Debug|Any CPU
		{5F4D93ED-9449-480C-944B-317B470F699A}.Debug|Any CPU.Build.0 = Debug|Any CPU
		{5F4D93ED-9449-480C-944B-317B470F699A}.Release|Any CPU.ActiveCfg = Release|Any CPU
		{5F4D93ED-9449-480C-944B-317B470F699A}.Release|Any CPU.Build.0 = Release|Any CPU
		{CB63AE3A-8B36-4276-95CF-6773E5CC654E}.Debug|Any CPU.ActiveCfg = Debug|Any CPU
		{CB63AE3A-8B36-4276-95CF-6773E5CC654E}.Debug|Any CPU.Build.0 = Debug|Any CPU
		{CB63AE3A-8B36-4276-95CF-6773E5CC654E}.Release|Any CPU.ActiveCfg = Release|Any CPU
		{CB63AE3A-8B36-4276-95CF-6773E5CC654E}.Release|Any CPU.Build.0 = Release|Any CPU
	EndGlobalSection
	GlobalSection(SolutionProperties) = preSolution
		HideSolutionNode = FALSE
	EndGlobalSection
	GlobalSection(ExtensibilityGlobals) = postSolution
		SolutionGuid = {C7AFF47D-784D-4860-9664-2BB94E70EB4E}
	EndGlobalSection
EndGlobal
